// !$*UTF8*$!
{
	archiveVersion = 1;
	classes = {
	};
	objectVersion = 48;
	objects = {

/* Begin PBXBuildFile section */
		BFD34399203B85C60000F2D1 /* AppDelegate.swift in Sources */ = {isa = PBXBuildFile; fileRef = BFD34398203B85C60000F2D1 /* AppDelegate.swift */; };
		BFD3439E203B85C70000F2D1 /* Main.storyboard in Resources */ = {isa = PBXBuildFile; fileRef = BFD3439C203B85C70000F2D1 /* Main.storyboard */; };
		BFD343A0203B85C70000F2D1 /* Assets.xcassets in Resources */ = {isa = PBXBuildFile; fileRef = BFD3439F203B85C70000F2D1 /* Assets.xcassets */; };
		BFD343A3203B85C70000F2D1 /* LaunchScreen.storyboard in Resources */ = {isa = PBXBuildFile; fileRef = BFD343A1203B85C70000F2D1 /* LaunchScreen.storyboard */; };
		BFD343B2203B88EF0000F2D1 /* Reminder.swift in Sources */ = {isa = PBXBuildFile; fileRef = BFD343B1203B88EF0000F2D1 /* Reminder.swift */; };
		BFD343B4203B905A0000F2D1 /* TabBarViewController.swift in Sources */ = {isa = PBXBuildFile; fileRef = BFD343B3203B905A0000F2D1 /* TabBarViewController.swift */; };
		BFD343B6203B90790000F2D1 /* MapViewController.swift in Sources */ = {isa = PBXBuildFile; fileRef = BFD343B5203B90790000F2D1 /* MapViewController.swift */; };
		BFD343B8203B90840000F2D1 /* SettingViewController.swift in Sources */ = {isa = PBXBuildFile; fileRef = BFD343B7203B90840000F2D1 /* SettingViewController.swift */; };
		BFD343BB203BBC150000F2D1 /* MapKit.framework in Frameworks */ = {isa = PBXBuildFile; fileRef = BFD343BA203BBC150000F2D1 /* MapKit.framework */; };
		BFD343C1203BF0370000F2D1 /* ParkingSpot.swift in Sources */ = {isa = PBXBuildFile; fileRef = BFD343C0203BF0370000F2D1 /* ParkingSpot.swift */; };
		BFD343CA203D180E0000F2D1 /* MapManager.swift in Sources */ = {isa = PBXBuildFile; fileRef = BFD343C9203D180E0000F2D1 /* MapManager.swift */; };
		BFD343CC203D23400000F2D1 /* CreateReminderViewController.swift in Sources */ = {isa = PBXBuildFile; fileRef = BFD343CB203D23400000F2D1 /* CreateReminderViewController.swift */; };
		BFD343CE203E17FF0000F2D1 /* DayButton.swift in Sources */ = {isa = PBXBuildFile; fileRef = BFD343CD203E17FF0000F2D1 /* DayButton.swift */; };
/* End PBXBuildFile section */

/* Begin PBXFileReference section */
		BFD34395203B85C60000F2D1 /* parking_reminder.app */ = {isa = PBXFileReference; explicitFileType = wrapper.application; includeInIndex = 0; path = parking_reminder.app; sourceTree = BUILT_PRODUCTS_DIR; };
		BFD34398203B85C60000F2D1 /* AppDelegate.swift */ = {isa = PBXFileReference; lastKnownFileType = sourcecode.swift; path = AppDelegate.swift; sourceTree = "<group>"; };
		BFD3439D203B85C70000F2D1 /* Base */ = {isa = PBXFileReference; lastKnownFileType = file.storyboard; name = Base; path = Base.lproj/Main.storyboard; sourceTree = "<group>"; };
		BFD3439F203B85C70000F2D1 /* Assets.xcassets */ = {isa = PBXFileReference; lastKnownFileType = folder.assetcatalog; path = Assets.xcassets; sourceTree = "<group>"; };
		BFD343A2203B85C70000F2D1 /* Base */ = {isa = PBXFileReference; lastKnownFileType = file.storyboard; name = Base; path = Base.lproj/LaunchScreen.storyboard; sourceTree = "<group>"; };
		BFD343A4203B85C70000F2D1 /* Info.plist */ = {isa = PBXFileReference; lastKnownFileType = text.plist.xml; path = Info.plist; sourceTree = "<group>"; };
		BFD343B1203B88EF0000F2D1 /* Reminder.swift */ = {isa = PBXFileReference; lastKnownFileType = sourcecode.swift; path = Reminder.swift; sourceTree = "<group>"; };
		BFD343B3203B905A0000F2D1 /* TabBarViewController.swift */ = {isa = PBXFileReference; lastKnownFileType = sourcecode.swift; path = TabBarViewController.swift; sourceTree = "<group>"; };
		BFD343B5203B90790000F2D1 /* MapViewController.swift */ = {isa = PBXFileReference; lastKnownFileType = sourcecode.swift; path = MapViewController.swift; sourceTree = "<group>"; };
		BFD343B7203B90840000F2D1 /* SettingViewController.swift */ = {isa = PBXFileReference; lastKnownFileType = sourcecode.swift; path = SettingViewController.swift; sourceTree = "<group>"; };
		BFD343BA203BBC150000F2D1 /* MapKit.framework */ = {isa = PBXFileReference; lastKnownFileType = wrapper.framework; name = MapKit.framework; path = System/Library/Frameworks/MapKit.framework; sourceTree = SDKROOT; };
		BFD343C0203BF0370000F2D1 /* ParkingSpot.swift */ = {isa = PBXFileReference; lastKnownFileType = sourcecode.swift; path = ParkingSpot.swift; sourceTree = "<group>"; };
		BFD343C9203D180E0000F2D1 /* MapManager.swift */ = {isa = PBXFileReference; lastKnownFileType = sourcecode.swift; path = MapManager.swift; sourceTree = "<group>"; };
		BFD343CB203D23400000F2D1 /* CreateReminderViewController.swift */ = {isa = PBXFileReference; lastKnownFileType = sourcecode.swift; path = CreateReminderViewController.swift; sourceTree = "<group>"; };
		BFD343CD203E17FF0000F2D1 /* DayButton.swift */ = {isa = PBXFileReference; lastKnownFileType = sourcecode.swift; path = DayButton.swift; sourceTree = "<group>"; };
/* End PBXFileReference section */

/* Begin PBXFrameworksBuildPhase section */
		BFD34392203B85C60000F2D1 /* Frameworks */ = {
			isa = PBXFrameworksBuildPhase;
			buildActionMask = 2147483647;
			files = (
				BFD343BB203BBC150000F2D1 /* MapKit.framework in Frameworks */,
			);
			runOnlyForDeploymentPostprocessing = 0;
		};
/* End PBXFrameworksBuildPhase section */

/* Begin PBXGroup section */
		BFD3438C203B85C60000F2D1 = {
			isa = PBXGroup;
			children = (
				BFD34397203B85C60000F2D1 /* parking_reminder */,
				BFD34396203B85C60000F2D1 /* Products */,
				BFD343B9203BBC150000F2D1 /* Frameworks */,
			);
			sourceTree = "<group>";
		};
		BFD34396203B85C60000F2D1 /* Products */ = {
			isa = PBXGroup;
			children = (
				BFD34395203B85C60000F2D1 /* parking_reminder.app */,
			);
			name = Products;
			sourceTree = "<group>";
		};
		BFD34397203B85C60000F2D1 /* parking_reminder */ = {
			isa = PBXGroup;
			children = (
				BFD343BD203BDE160000F2D1 /* Managers */,
				BFD343BC203BDE030000F2D1 /* ViewControllers */,
				BFD343AA203B88890000F2D1 /* Models */,
				BFD34398203B85C60000F2D1 /* AppDelegate.swift */,
				BFD3439C203B85C70000F2D1 /* Main.storyboard */,
				BFD3439F203B85C70000F2D1 /* Assets.xcassets */,
				BFD343A1203B85C70000F2D1 /* LaunchScreen.storyboard */,
				BFD343A4203B85C70000F2D1 /* Info.plist */,
			);
			path = parking_reminder;
			sourceTree = "<group>";
		};
		BFD343AA203B88890000F2D1 /* Models */ = {
			isa = PBXGroup;
			children = (
				BFD343B1203B88EF0000F2D1 /* Reminder.swift */,
				BFD343C0203BF0370000F2D1 /* ParkingSpot.swift */,
				BFD343CD203E17FF0000F2D1 /* DayButton.swift */,
			);
			path = Models;
			sourceTree = "<group>";
		};
		BFD343B9203BBC150000F2D1 /* Frameworks */ = {
			isa = PBXGroup;
			children = (
				BFD343BA203BBC150000F2D1 /* MapKit.framework */,
			);
			name = Frameworks;
			sourceTree = "<group>";
		};
		BFD343BC203BDE030000F2D1 /* ViewControllers */ = {
			isa = PBXGroup;
			children = (
				BFD343B3203B905A0000F2D1 /* TabBarViewController.swift */,
				BFD343B5203B90790000F2D1 /* MapViewController.swift */,
				BFD343B7203B90840000F2D1 /* SettingViewController.swift */,
				BFD343CB203D23400000F2D1 /* CreateReminderViewController.swift */,
			);
			path = ViewControllers;
			sourceTree = "<group>";
		};
		BFD343BD203BDE160000F2D1 /* Managers */ = {
			isa = PBXGroup;
			children = (
				BFD343C9203D180E0000F2D1 /* MapManager.swift */,
			);
			path = Managers;
			sourceTree = "<group>";
		};
/* End PBXGroup section */

/* Begin PBXNativeTarget section */
		BFD34394203B85C60000F2D1 /* parking_reminder */ = {
			isa = PBXNativeTarget;
			buildConfigurationList = BFD343A7203B85C70000F2D1 /* Build configuration list for PBXNativeTarget "parking_reminder" */;
			buildPhases = (
				BFD34391203B85C60000F2D1 /* Sources */,
				BFD34392203B85C60000F2D1 /* Frameworks */,
				BFD34393203B85C60000F2D1 /* Resources */,
			);
			buildRules = (
			);
			dependencies = (
			);
			name = parking_reminder;
			productName = parking_reminder;
			productReference = BFD34395203B85C60000F2D1 /* parking_reminder.app */;
			productType = "com.apple.product-type.application";
		};
/* End PBXNativeTarget section */

/* Begin PBXProject section */
		BFD3438D203B85C60000F2D1 /* Project object */ = {
			isa = PBXProject;
			attributes = {
				LastSwiftUpdateCheck = 0920;
				LastUpgradeCheck = 0920;
				ORGANIZATIONNAME = "Vincent Lee";
				TargetAttributes = {
					BFD34394203B85C60000F2D1 = {
						CreatedOnToolsVersion = 9.2;
						ProvisioningStyle = Automatic;
						SystemCapabilities = {
							com.apple.Maps.iOS = {
								enabled = 1;
							};
						};
					};
				};
			};
			buildConfigurationList = BFD34390203B85C60000F2D1 /* Build configuration list for PBXProject "parking_reminder" */;
			compatibilityVersion = "Xcode 8.0";
			developmentRegion = en;
			hasScannedForEncodings = 0;
			knownRegions = (
				en,
				Base,
			);
			mainGroup = BFD3438C203B85C60000F2D1;
			productRefGroup = BFD34396203B85C60000F2D1 /* Products */;
			projectDirPath = "";
			projectRoot = "";
			targets = (
				BFD34394203B85C60000F2D1 /* parking_reminder */,
			);
		};
/* End PBXProject section */

/* Begin PBXResourcesBuildPhase section */
		BFD34393203B85C60000F2D1 /* Resources */ = {
			isa = PBXResourcesBuildPhase;
			buildActionMask = 2147483647;
			files = (
				BFD343A3203B85C70000F2D1 /* LaunchScreen.storyboard in Resources */,
				BFD343A0203B85C70000F2D1 /* Assets.xcassets in Resources */,
				BFD3439E203B85C70000F2D1 /* Main.storyboard in Resources */,
			);
			runOnlyForDeploymentPostprocessing = 0;
		};
/* End PBXResourcesBuildPhase section */

/* Begin PBXSourcesBuildPhase section */
		BFD34391203B85C60000F2D1 /* Sources */ = {
			isa = PBXSourcesBuildPhase;
			buildActionMask = 2147483647;
			files = (
				BFD343B8203B90840000F2D1 /* SettingViewController.swift in Sources */,
				BFD343CE203E17FF0000F2D1 /* DayButton.swift in Sources */,
				BFD343B2203B88EF0000F2D1 /* Reminder.swift in Sources */,
				BFD343CA203D180E0000F2D1 /* MapManager.swift in Sources */,
				BFD343C1203BF0370000F2D1 /* ParkingSpot.swift in Sources */,
				BFD343B4203B905A0000F2D1 /* TabBarViewController.swift in Sources */,
				BFD34399203B85C60000F2D1 /* AppDelegate.swift in Sources */,
				BFD343CC203D23400000F2D1 /* CreateReminderViewController.swift in Sources */,
				BFD343B6203B90790000F2D1 /* MapViewController.swift in Sources */,
			);
			runOnlyForDeploymentPostprocessing = 0;
		};
/* End PBXSourcesBuildPhase section */

/* Begin PBXVariantGroup section */
		BFD3439C203B85C70000F2D1 /* Main.storyboard */ = {
			isa = PBXVariantGroup;
			children = (
				BFD3439D203B85C70000F2D1 /* Base */,
			);
			name = Main.storyboard;
			sourceTree = "<group>";
		};
		BFD343A1203B85C70000F2D1 /* LaunchScreen.storyboard */ = {
			isa = PBXVariantGroup;
			children = (
				BFD343A2203B85C70000F2D1 /* Base */,
			);
			name = LaunchScreen.storyboard;
			sourceTree = "<group>";
		};
/* End PBXVariantGroup section */

/* Begin XCBuildConfiguration section */
		BFD343A5203B85C70000F2D1 /* Debug */ = {
			isa = XCBuildConfiguration;
			buildSettings = {
				ALWAYS_SEARCH_USER_PATHS = NO;
				CLANG_ANALYZER_NONNULL = YES;
				CLANG_ANALYZER_NUMBER_OBJECT_CONVERSION = YES_AGGRESSIVE;
				CLANG_CXX_LANGUAGE_STANDARD = "gnu++14";
				CLANG_CXX_LIBRARY = "libc++";
				CLANG_ENABLE_MODULES = YES;
				CLANG_ENABLE_OBJC_ARC = YES;
				CLANG_WARN_BLOCK_CAPTURE_AUTORELEASING = YES;
				CLANG_WARN_BOOL_CONVERSION = YES;
				CLANG_WARN_COMMA = YES;
				CLANG_WARN_CONSTANT_CONVERSION = YES;
				CLANG_WARN_DIRECT_OBJC_ISA_USAGE = YES_ERROR;
				CLANG_WARN_DOCUMENTATION_COMMENTS = YES;
				CLANG_WARN_EMPTY_BODY = YES;
				CLANG_WARN_ENUM_CONVERSION = YES;
				CLANG_WARN_INFINITE_RECURSION = YES;
				CLANG_WARN_INT_CONVERSION = YES;
				CLANG_WARN_NON_LITERAL_NULL_CONVERSION = YES;
				CLANG_WARN_OBJC_LITERAL_CONVERSION = YES;
				CLANG_WARN_OBJC_ROOT_CLASS = YES_ERROR;
				CLANG_WARN_RANGE_LOOP_ANALYSIS = YES;
				CLANG_WARN_STRICT_PROTOTYPES = YES;
				CLANG_WARN_SUSPICIOUS_MOVE = YES;
				CLANG_WARN_UNGUARDED_AVAILABILITY = YES_AGGRESSIVE;
				CLANG_WARN_UNREACHABLE_CODE = YES;
				CLANG_WARN__DUPLICATE_METHOD_MATCH = YES;
				CODE_SIGN_IDENTITY = "iPhone Developer";
				COPY_PHASE_STRIP = NO;
				DEBUG_INFORMATION_FORMAT = dwarf;
				ENABLE_STRICT_OBJC_MSGSEND = YES;
				ENABLE_TESTABILITY = YES;
				GCC_C_LANGUAGE_STANDARD = gnu11;
				GCC_DYNAMIC_NO_PIC = NO;
				GCC_NO_COMMON_BLOCKS = YES;
				GCC_OPTIMIZATION_LEVEL = 0;
				GCC_PREPROCESSOR_DEFINITIONS = (
					"DEBUG=1",
					"$(inherited)",
				);
				GCC_WARN_64_TO_32_BIT_CONVERSION = YES;
				GCC_WARN_ABOUT_RETURN_TYPE = YES_ERROR;
				GCC_WARN_UNDECLARED_SELECTOR = YES;
				GCC_WARN_UNINITIALIZED_AUTOS = YES_AGGRESSIVE;
				GCC_WARN_UNUSED_FUNCTION = YES;
				GCC_WARN_UNUSED_VARIABLE = YES;
				IPHONEOS_DEPLOYMENT_TARGET = 11.2;
				MTL_ENABLE_DEBUG_INFO = YES;
				ONLY_ACTIVE_ARCH = YES;
				SDKROOT = iphoneos;
				SWIFT_ACTIVE_COMPILATION_CONDITIONS = DEBUG;
				SWIFT_OPTIMIZATION_LEVEL = "-Onone";
			};
			name = Debug;
		};
		BFD343A6203B85C70000F2D1 /* Release */ = {
			isa = XCBuildConfiguration;
			buildSettings = {
				ALWAYS_SEARCH_USER_PATHS = NO;
				CLANG_ANALYZER_NONNULL = YES;
				CLANG_ANALYZER_NUMBER_OBJECT_CONVERSION = YES_AGGRESSIVE;
				CLANG_CXX_LANGUAGE_STANDARD = "gnu++14";
				CLANG_CXX_LIBRARY = "libc++";
				CLANG_ENABLE_MODULES = YES;
				CLANG_ENABLE_OBJC_ARC = YES;
				CLANG_WARN_BLOCK_CAPTURE_AUTORELEASING = YES;
				CLANG_WARN_BOOL_CONVERSION = YES;
				CLANG_WARN_COMMA = YES;
				CLANG_WARN_CONSTANT_CONVERSION = YES;
				CLANG_WARN_DIRECT_OBJC_ISA_USAGE = YES_ERROR;
				CLANG_WARN_DOCUMENTATION_COMMENTS = YES;
				CLANG_WARN_EMPTY_BODY = YES;
				CLANG_WARN_ENUM_CONVERSION = YES;
				CLANG_WARN_INFINITE_RECURSION = YES;
				CLANG_WARN_INT_CONVERSION = YES;
				CLANG_WARN_NON_LITERAL_NULL_CONVERSION = YES;
				CLANG_WARN_OBJC_LITERAL_CONVERSION = YES;
				CLANG_WARN_OBJC_ROOT_CLASS = YES_ERROR;
				CLANG_WARN_RANGE_LOOP_ANALYSIS = YES;
				CLANG_WARN_STRICT_PROTOTYPES = YES;
				CLANG_WARN_SUSPICIOUS_MOVE = YES;
				CLANG_WARN_UNGUARDED_AVAILABILITY = YES_AGGRESSIVE;
				CLANG_WARN_UNREACHABLE_CODE = YES;
				CLANG_WARN__DUPLICATE_METHOD_MATCH = YES;
				CODE_SIGN_IDENTITY = "iPhone Developer";
				COPY_PHASE_STRIP = NO;
				DEBUG_INFORMATION_FORMAT = "dwarf-with-dsym";
				ENABLE_NS_ASSERTIONS = NO;
				ENABLE_STRICT_OBJC_MSGSEND = YES;
				GCC_C_LANGUAGE_STANDARD = gnu11;
				GCC_NO_COMMON_BLOCKS = YES;
				GCC_WARN_64_TO_32_BIT_CONVERSION = YES;
				GCC_WARN_ABOUT_RETURN_TYPE = YES_ERROR;
				GCC_WARN_UNDECLARED_SELECTOR = YES;
				GCC_WARN_UNINITIALIZED_AUTOS = YES_AGGRESSIVE;
				GCC_WARN_UNUSED_FUNCTION = YES;
				GCC_WARN_UNUSED_VARIABLE = YES;
				IPHONEOS_DEPLOYMENT_TARGET = 11.2;
				MTL_ENABLE_DEBUG_INFO = NO;
				SDKROOT = iphoneos;
				SWIFT_OPTIMIZATION_LEVEL = "-Owholemodule";
				VALIDATE_PRODUCT = YES;
			};
			name = Release;
		};
		BFD343A8203B85C70000F2D1 /* Debug */ = {
			isa = XCBuildConfiguration;
			buildSettings = {
				ASSETCATALOG_COMPILER_APPICON_NAME = AppIcon;
				CODE_SIGN_STYLE = Automatic;
				DEVELOPMENT_TEAM = GBG956P6A4;
				INFOPLIST_FILE = parking_reminder/Info.plist;
				LD_RUNPATH_SEARCH_PATHS = "$(inherited) @executable_path/Frameworks";
				PRODUCT_BUNDLE_IDENTIFIER = "com.vincent.lee.parking-reminder";
				PRODUCT_NAME = "$(TARGET_NAME)";
				SWIFT_VERSION = 4.0;
				TARGETED_DEVICE_FAMILY = "1,2";
			};
			name = Debug;
		};
		BFD343A9203B85C70000F2D1 /* Release */ = {
			isa = XCBuildConfiguration;
			buildSettings = {
				ASSETCATALOG_COMPILER_APPICON_NAME = AppIcon;
				CODE_SIGN_STYLE = Automatic;
				DEVELOPMENT_TEAM = GBG956P6A4;
				INFOPLIST_FILE = parking_reminder/Info.plist;
				LD_RUNPATH_SEARCH_PATHS = "$(inherited) @executable_path/Frameworks";
				PRODUCT_BUNDLE_IDENTIFIER = "com.vincent.lee.parking-reminder";
				PRODUCT_NAME = "$(TARGET_NAME)";
				SWIFT_VERSION = 4.0;
				TARGETED_DEVICE_FAMILY = "1,2";
			};
			name = Release;
		};
/* End XCBuildConfiguration section */

/* Begin XCConfigurationList section */
		BFD34390203B85C60000F2D1 /* Build configuration list for PBXProject "parking_reminder" */ = {
			isa = XCConfigurationList;
			buildConfigurations = (
				BFD343A5203B85C70000F2D1 /* Debug */,
				BFD343A6203B85C70000F2D1 /* Release */,
			);
			defaultConfigurationIsVisible = 0;
			defaultConfigurationName = Release;
		};
		BFD343A7203B85C70000F2D1 /* Build configuration list for PBXNativeTarget "parking_reminder" */ = {
			isa = XCConfigurationList;
			buildConfigurations = (
				BFD343A8203B85C70000F2D1 /* Debug */,
				BFD343A9203B85C70000F2D1 /* Release */,
			);
			defaultConfigurationIsVisible = 0;
			defaultConfigurationName = Release;
		};
/* End XCConfigurationList section */
	};
	rootObject = BFD3438D203B85C60000F2D1 /* Project object */;
}
